
Microsoft Visual Studio Solution File, Format Version 12.00
# Visual Studio 15
VisualStudioVersion = 15.0.28010.2026
MinimumVisualStudioVersion = 10.0.40219.1
Project("{FAE04EC0-301F-11D3-BF4B-00C04F79EFBC}") = "WindowsForms", "WindowsForms\WindowsForms.csproj", "{90BA7247-373C-49E3-A9B5-90828BBC8BE9}"
EndProject
Project("{FAE04EC0-301F-11D3-BF4B-00C04F79EFBC}") = "Api", "Api\Api.csproj", "{09E63EAB-0FB5-49C3-9AA5-EA71EBC7DB31}"
EndProject
Project("{FAE04EC0-301F-11D3-BF4B-00C04F79EFBC}") = "IntegrationTests", "IntegrationTests\IntegrationTests.csproj", "{B0CB5FA4-C40C-467C-A573-C5722BC8C4AA}"
EndProject
Project("{FAE04EC0-301F-11D3-BF4B-00C04F79EFBC}") = "FaceAnalysis", "FaceAnalysis\FaceAnalysis.csproj", "{C9DD5EB7-25CD-4F3A-901A-0F20A7F8479D}"
EndProject
Global
	GlobalSection(SolutionConfigurationPlatforms) = preSolution
		Debug|Any CPU = Debug|Any CPU
		Debug|x86 = Debug|x86
		Release|Any CPU = Release|Any CPU
		Release|x86 = Release|x86
	EndGlobalSection
	GlobalSection(ProjectConfigurationPlatforms) = postSolution
		{90BA7247-373C-49E3-A9B5-90828BBC8BE9}.Debug|Any CPU.ActiveCfg = Debug|Any CPU
		{90BA7247-373C-49E3-A9B5-90828BBC8BE9}.Debug|Any CPU.Build.0 = Debug|Any CPU
		{90BA7247-373C-49E3-A9B5-90828BBC8BE9}.Debug|x86.ActiveCfg = Debug|x86
		{90BA7247-373C-49E3-A9B5-90828BBC8BE9}.Debug|x86.Build.0 = Debug|x86
		{90BA7247-373C-49E3-A9B5-90828BBC8BE9}.Release|Any CPU.ActiveCfg = Release|Any CPU
		{90BA7247-373C-49E3-A9B5-90828BBC8BE9}.Release|Any CPU.Build.0 = Release|Any CPU
		{90BA7247-373C-49E3-A9B5-90828BBC8BE9}.Release|x86.ActiveCfg = Release|x86
		{90BA7247-373C-49E3-A9B5-90828BBC8BE9}.Release|x86.Build.0 = Release|x86
		{09E63EAB-0FB5-49C3-9AA5-EA71EBC7DB31}.Debug|Any CPU.ActiveCfg = Debug|Any CPU
		{09E63EAB-0FB5-49C3-9AA5-EA71EBC7DB31}.Debug|Any CPU.Build.0 = Debug|Any CPU
		{09E63EAB-0FB5-49C3-9AA5-EA71EBC7DB31}.Debug|x86.ActiveCfg = Debug|x86
		{09E63EAB-0FB5-49C3-9AA5-EA71EBC7DB31}.Debug|x86.Build.0 = Debug|x86
		{09E63EAB-0FB5-49C3-9AA5-EA71EBC7DB31}.Release|Any CPU.ActiveCfg = Release|Any CPU
		{09E63EAB-0FB5-49C3-9AA5-EA71EBC7DB31}.Release|Any CPU.Build.0 = Release|Any CPU
		{09E63EAB-0FB5-49C3-9AA5-EA71EBC7DB31}.Release|x86.ActiveCfg = Release|x86
		{09E63EAB-0FB5-49C3-9AA5-EA71EBC7DB31}.Release|x86.Build.0 = Release|x86
		{B0CB5FA4-C40C-467C-A573-C5722BC8C4AA}.Debug|Any CPU.ActiveCfg = Debug|Any CPU
		{B0CB5FA4-C40C-467C-A573-C5722BC8C4AA}.Debug|Any CPU.Build.0 = Debug|Any CPU
		{B0CB5FA4-C40C-467C-A573-C5722BC8C4AA}.Debug|x86.ActiveCfg = Debug|x86
		{B0CB5FA4-C40C-467C-A573-C5722BC8C4AA}.Debug|x86.Build.0 = Debug|x86
		{B0CB5FA4-C40C-467C-A573-C5722BC8C4AA}.Release|Any CPU.ActiveCfg = Release|Any CPU
		{B0CB5FA4-C40C-467C-A573-C5722BC8C4AA}.Release|Any CPU.Build.0 = Release|Any CPU
		{B0CB5FA4-C40C-467C-A573-C5722BC8C4AA}.Release|x86.ActiveCfg = Release|x86
		{B0CB5FA4-C40C-467C-A573-C5722BC8C4AA}.Release|x86.Build.0 = Release|x86
	EndGlobalSection
	GlobalSection(SolutionProperties) = preSolution
		HideSolutionNode = FALSE
	EndGlobalSection
	GlobalSection(ExtensibilityGlobals) = postSolution
		SolutionGuid = {E8CDEC14-9880-4A1E-8A02-BF3B47A20327}
	EndGlobalSection
EndGlobal
